
Microsoft Visual Studio Solution File, Format Version 12.00
# Visual Studio Version 17
VisualStudioVersion = 17.12.35323.107
MinimumVisualStudioVersion = 10.0.40219.1
Project("{FAE04EC0-301F-11D3-BF4B-00C04F79EFBC}") = "ShopDemo.App.WebMvc", "ShopDemo.App.WebMvc.csproj", "{12F7514F-6978-4FF9-8445-34C26E9D6487}"
EndProject
Global
	GlobalSection(SolutionConfigurationPlatforms) = preSolution
		Debug|Any CPU = Debug|Any CPU
		Release|Any CPU = Release|Any CPU
	EndGlobalSection
	GlobalSection(ProjectConfigurationPlatforms) = postSolution
		{12F7514F-6978-4FF9-8445-34C26E9D6487}.Debug|Any CPU.ActiveCfg = Debug|Any CPU
		{12F7514F-6978-4FF9-8445-34C26E9D6487}.Debug|Any CPU.Build.0 = Debug|Any CPU
		{12F7514F-6978-4FF9-8445-34C26E9D6487}.Release|Any CPU.ActiveCfg = Release|Any CPU
		{12F7514F-6978-4FF9-8445-34C26E9D6487}.Release|Any CPU.Build.0 = Release|Any CPU
	EndGlobalSection
	GlobalSection(SolutionProperties) = preSolution
		HideSolutionNode = FALSE
	EndGlobalSection
	GlobalSection(ExtensibilityGlobals) = postSolution
		SolutionGuid = {7C6DD61F-B35F-4198-9AE1-14CE776751AE}
	EndGlobalSection
EndGlobal
