
Microsoft Visual Studio Solution File, Format Version 12.00
# Visual Studio Version 17
VisualStudioVersion = 17.12.35209.166
MinimumVisualStudioVersion = 10.0.40219.1
Project("{FAE04EC0-301F-11D3-BF4B-00C04F79EFBC}") = "ConsoleApp1", "ConsoleApp1\ConsoleApp1.csproj", "{41CC7567-A7F4-4A1E-8683-B8809A92461A}"
EndProject
Project("{FAE04EC0-301F-11D3-BF4B-00C04F79EFBC}") = "ConsolaApp1.Test", "ConsolaApp1.Test\ConsolaApp1.Test.csproj", "{8BDCF618-DEC5-41D9-833D-C4776B888108}"
EndProject
Global
	GlobalSection(SolutionConfigurationPlatforms) = preSolution
		Debug|Any CPU = Debug|Any CPU
		Release|Any CPU = Release|Any CPU
	EndGlobalSection
	GlobalSection(ProjectConfigurationPlatforms) = postSolution
		{41CC7567-A7F4-4A1E-8683-B8809A92461A}.Debug|Any CPU.ActiveCfg = Debug|Any CPU
		{41CC7567-A7F4-4A1E-8683-B8809A92461A}.Debug|Any CPU.Build.0 = Debug|Any CPU
		{41CC7567-A7F4-4A1E-8683-B8809A92461A}.Release|Any CPU.ActiveCfg = Release|Any CPU
		{41CC7567-A7F4-4A1E-8683-B8809A92461A}.Release|Any CPU.Build.0 = Release|Any CPU
		{8BDCF618-DEC5-41D9-833D-C4776B888108}.Debug|Any CPU.ActiveCfg = Debug|Any CPU
		{8BDCF618-DEC5-41D9-833D-C4776B888108}.Debug|Any CPU.Build.0 = Debug|Any CPU
		{8BDCF618-DEC5-41D9-833D-C4776B888108}.Release|Any CPU.ActiveCfg = Release|Any CPU
		{8BDCF618-DEC5-41D9-833D-C4776B888108}.Release|Any CPU.Build.0 = Release|Any CPU
	EndGlobalSection
	GlobalSection(SolutionProperties) = preSolution
		HideSolutionNode = FALSE
	EndGlobalSection
	GlobalSection(ExtensibilityGlobals) = postSolution
		SolutionGuid = {0795D054-03E7-437D-8FFF-22F5ABD0BEA2}
	EndGlobalSection
EndGlobal
