
Microsoft Visual Studio Solution File, Format Version 12.00
# Visual Studio Version 17
VisualStudioVersion = 17.12.35323.107
MinimumVisualStudioVersion = 10.0.40219.1
Project("{FAE04EC0-301F-11D3-BF4B-00C04F79EFBC}") = "WebAppEmpty01", "WebAppEmpty01.csproj", "{20BC594E-11CD-48C3-BF4B-FE63B72E5E03}"
EndProject
Global
	GlobalSection(SolutionConfigurationPlatforms) = preSolution
		Debug|Any CPU = Debug|Any CPU
		Release|Any CPU = Release|Any CPU
	EndGlobalSection
	GlobalSection(ProjectConfigurationPlatforms) = postSolution
		{20BC594E-11CD-48C3-BF4B-FE63B72E5E03}.Debug|Any CPU.ActiveCfg = Debug|Any CPU
		{20BC594E-11CD-48C3-BF4B-FE63B72E5E03}.Debug|Any CPU.Build.0 = Debug|Any CPU
		{20BC594E-11CD-48C3-BF4B-FE63B72E5E03}.Release|Any CPU.ActiveCfg = Release|Any CPU
		{20BC594E-11CD-48C3-BF4B-FE63B72E5E03}.Release|Any CPU.Build.0 = Release|Any CPU
	EndGlobalSection
	GlobalSection(SolutionProperties) = preSolution
		HideSolutionNode = FALSE
	EndGlobalSection
	GlobalSection(ExtensibilityGlobals) = postSolution
		SolutionGuid = {4ADDE913-708A-4414-BD00-8518B809A8FD}
	EndGlobalSection
EndGlobal
